Microsoft Visual Studio Solution File, Format Version 12.00
# Visual Studio Version 17
VisualStudioVersion = 17.5.2.0
MinimumVisualStudioVersion = 10.0.40219.1
Project("{FAE04EC0-301F-11D3-BF4B-00C04F79EFBC}") = "TaskBatcher", "TaskBatcher.csproj", "{71D2120D-43C2-95BF-C431-AFFD73EBB935}"
EndProject
Global
	GlobalSection(SolutionConfigurationPlatforms) = preSolution
		Debug|Any CPU = Debug|Any CPU
		Release|Any CPU = Release|Any CPU
	EndGlobalSection
	GlobalSection(ProjectConfigurationPlatforms) = postSolution
		{71D2120D-43C2-95BF-C431-AFFD73EBB935}.Debug|Any CPU.ActiveCfg = Debug|Any CPU
		{71D2120D-43C2-95BF-C431-AFFD73EBB935}.Debug|Any CPU.Build.0 = Debug|Any CPU
		{71D2120D-43C2-95BF-C431-AFFD73EBB935}.Release|Any CPU.ActiveCfg = Release|Any CPU
		{71D2120D-43C2-95BF-C431-AFFD73EBB935}.Release|Any CPU.Build.0 = Release|Any CPU
	EndGlobalSection
	GlobalSection(SolutionProperties) = preSolution
		HideSolutionNode = FALSE
	EndGlobalSection
	GlobalSection(ExtensibilityGlobals) = postSolution
		SolutionGuid = {2859A166-7022-499E-BAEA-5D97261D6B12}
	EndGlobalSection
EndGlobal
